
Microsoft Visual Studio Solution File, Format Version 12.00
# Visual Studio 2012
Project("{FAE04EC0-301F-11D3-BF4B-00C04F79EFBC}") = "MetalXmas2010", "MetalXmas2010\MetalXmas2010.csproj", "{DAAC96A6-3813-496F-AA5F-3D71EE957A78}"
	ProjectSection(ProjectDependencies) = postProject
		{EBB9BA00-2A36-447A-82DB-35979774915B} = {EBB9BA00-2A36-447A-82DB-35979774915B}
	EndProjectSection
EndProject
Project("{FAE04EC0-301F-11D3-BF4B-00C04F79EFBC}") = "MetalXmas2010.Web", "MetalXmas2010.Web\MetalXmas2010.Web.csproj", "{EBB9BA00-2A36-447A-82DB-35979774915B}"
EndProject
Global
	GlobalSection(SolutionConfigurationPlatforms) = preSolution
		Debug|Any CPU = Debug|Any CPU
		Release|Any CPU = Release|Any CPU
	EndGlobalSection
	GlobalSection(ProjectConfigurationPlatforms) = postSolution
		{DAAC96A6-3813-496F-AA5F-3D71EE957A78}.Debug|Any CPU.ActiveCfg = Debug|Any CPU
		{DAAC96A6-3813-496F-AA5F-3D71EE957A78}.Debug|Any CPU.Build.0 = Debug|Any CPU
		{DAAC96A6-3813-496F-AA5F-3D71EE957A78}.Release|Any CPU.ActiveCfg = Release|Any CPU
		{DAAC96A6-3813-496F-AA5F-3D71EE957A78}.Release|Any CPU.Build.0 = Release|Any CPU
		{EBB9BA00-2A36-447A-82DB-35979774915B}.Debug|Any CPU.ActiveCfg = Debug|Any CPU
		{EBB9BA00-2A36-447A-82DB-35979774915B}.Debug|Any CPU.Build.0 = Debug|Any CPU
		{EBB9BA00-2A36-447A-82DB-35979774915B}.Release|Any CPU.ActiveCfg = Release|Any CPU
		{EBB9BA00-2A36-447A-82DB-35979774915B}.Release|Any CPU.Build.0 = Release|Any CPU
	EndGlobalSection
	GlobalSection(SolutionProperties) = preSolution
		HideSolutionNode = FALSE
	EndGlobalSection
EndGlobal
